
Microsoft Visual Studio Solution File, Format Version 12.00
# Visual Studio 15
VisualStudioVersion = 15.0.28307.779
MinimumVisualStudioVersion = 10.0.40219.1
Project("{888888A0-9F3D-457C-B088-3A5042F75D52}") = "Data_3", "Data_3\Data_3.pyproj", "{F2119DF3-C358-4357-B539-430CDD9DB7B3}"
EndProject
Global
	GlobalSection(SolutionConfigurationPlatforms) = preSolution
		Debug|Any CPU = Debug|Any CPU
		Release|Any CPU = Release|Any CPU
	EndGlobalSection
	GlobalSection(ProjectConfigurationPlatforms) = postSolution
		{F2119DF3-C358-4357-B539-430CDD9DB7B3}.Debug|Any CPU.ActiveCfg = Debug|Any CPU
		{F2119DF3-C358-4357-B539-430CDD9DB7B3}.Release|Any CPU.ActiveCfg = Release|Any CPU
	EndGlobalSection
	GlobalSection(SolutionProperties) = preSolution
		HideSolutionNode = FALSE
	EndGlobalSection
	GlobalSection(ExtensibilityGlobals) = postSolution
		SolutionGuid = {83575848-4BB3-48B6-A5F2-5A04BD060BCA}
	EndGlobalSection
EndGlobal
